
Microsoft Visual Studio Solution File, Format Version 12.00
# Visual Studio Version 17
VisualStudioVersion = 17.14.36623.8 d17.14
MinimumVisualStudioVersion = 10.0.40219.1
Project("{FAE04EC0-301F-11D3-BF4B-00C04F79EFBC}") = "IdentityUserImplementation", "IdentityUserImplementation\IdentityUserImplementation.csproj", "{2B9A63EC-6B07-4C0C-A8BE-EDC4375ED83A}"
EndProject
Global
	GlobalSection(SolutionConfigurationPlatforms) = preSolution
		Debug|Any CPU = Debug|Any CPU
		Release|Any CPU = Release|Any CPU
	EndGlobalSection
	GlobalSection(ProjectConfigurationPlatforms) = postSolution
		{2B9A63EC-6B07-4C0C-A8BE-EDC4375ED83A}.Debug|Any CPU.ActiveCfg = Debug|Any CPU
		{2B9A63EC-6B07-4C0C-A8BE-EDC4375ED83A}.Debug|Any CPU.Build.0 = Debug|Any CPU
		{2B9A63EC-6B07-4C0C-A8BE-EDC4375ED83A}.Release|Any CPU.ActiveCfg = Release|Any CPU
		{2B9A63EC-6B07-4C0C-A8BE-EDC4375ED83A}.Release|Any CPU.Build.0 = Release|Any CPU
	EndGlobalSection
	GlobalSection(SolutionProperties) = preSolution
		HideSolutionNode = FALSE
	EndGlobalSection
	GlobalSection(ExtensibilityGlobals) = postSolution
		SolutionGuid = {957A08C8-1E40-48DC-B964-F67210E2F18D}
	EndGlobalSection
EndGlobal
